lockfileVersion: '9.0'

settings:
  autoInstallPeers: true
  excludeLinksFromLockfile: false

importers:

  .:
    devDependencies:
      '@effect/openapi-generator':
        specifier: 4.0.0-rc.117
        version: 4.0.0-rc.117(@effect/platform-node@4.0.0-rc.117(effect@4.0.0-rc.117)(redis@6.2.1))(effect@4.0.0-rc.117)
      '@effect/platform-node':
        specifier: 4.0.0-rc.117
        version: 4.0.0-rc.117(effect@4.0.0-rc.117)(redis@6.2.1)
      '@effect/tsgo':
        specifier: 0.45.0
        version: 0.45.0
      '@oxlint/plugins':
        specifier: 1.82.0
        version: 1.82.0
      '@types/node':
        specifier: ^24.13.6
        version: 24.13.6
      effect:
        specifier: 4.0.0-rc.117
        version: 4.0.0-rc.117
      oxlint:
        specifier: 1.82.0
        version: 1.82.0(oxlint-tsgolint@7.0.2001)
      oxlint-tsgolint:
        specifier: 7.0.2001
        version: 7.0.2001
      turbo:
        specifier: 2.11.2
        version: 2.11.2
      typescript:
        specifier: 7.0.2
        version: 7.0.2

  apps/app:
    dependencies:
      '@pay-tty/ledger-client':
        specifier: workspace:*
        version: link:../../packages/ledger-client
      effect:
        specifier: 4.0.0-rc.117
        version: 4.0.0-rc.117

  packages/core:
    dependencies:
      effect:
        specifier: 4.0.0-rc.117
        version: 4.0.0-rc.117

  packages/ledger-client:
    dependencies:
      effect:
        specifier: 4.0.0-rc.117
        version: 4.0.0-rc.117

packages:

  '@effect/openapi-generator@4.0.0-rc.117':
    resolution: {integrity: sha512-FINoiEnOn4ahCF53ihfZsnVshq4cwl6RUxoNLcMAzzxi9phOIKdwikpAKKt/HTrLGcaZbxSCGcbldjTY02Li4g==}
    hasBin: true
    peerDependencies:
      '@effect/platform-node': ^4.0.0-rc.117
      effect: ^4.0.0-rc.117

  '@effect/platform-node-shared@4.0.0-rc.117':
    resolution: {integrity: sha512-GyRkEfLBG49MwJe+/XDPiXYcQ44RA9p2z0AurlsWhR1cd1PqOUMEZU1pORL+/R5hR8aH6ZuqoJYD8lAc6h+wlA==}
    engines: {node: '>=18.0.0'}
    peerDependencies:
      effect: ^4.0.0-rc.117

  '@effect/platform-node@4.0.0-rc.117':
    resolution: {integrity: sha512-WbPcvQDkqXFnCeG6LohJ9eVNapCDhZbCpezhYKxm0IsZEk7swakRh7RkC1t2CXzd3hGmszTv2k9e/pXyZuL+wQ==}
    engines: {node: '>=18.0.0'}
    peerDependencies:
      effect: ^4.0.0-rc.117
      redis: '>=5.0.0 <7.0.0'

  '@effect/tsgo-darwin-arm64@0.45.0':
    resolution: {integrity: sha512-WUoiEVcm8E19QK6fl63lsssM4dkT9IFnULbmqQ6LBfv7H9uRkpE9S3thj8ZtZ+vl/QY8atwfuaTf+3A1m/kGtQ==}
    cpu: [arm64]
    os: [darwin]

  '@effect/tsgo-darwin-x64@0.45.0':
    resolution: {integrity: sha512-s3yz7ZfIzvObXJ/r5xd9sEPxHKC3L+D+yedS1BV2Kpn47Je2svYCNYKxzXIpqFLkNjK+RcOQrcfYbYEpKZZa6g==}
    cpu: [x64]
    os: [darwin]

  '@effect/tsgo-linux-arm64@0.45.0':
    resolution: {integrity: sha512-N+lyzixtylOOn49demDaqg0kb/U8ISxM10Gphs1pIMSGlqlfqC4inYEoFpYej+f4T/cRlkA11Ue7wJzNz83ePA==}
    cpu: [arm64]
    os: [linux]

  '@effect/tsgo-linux-arm@0.45.0':
    resolution: {integrity: sha512-f6zL6YbWA9lXdfJ//KOjUz/U3CdGtajKi5NsR/lcQaKfZiJwHfeeLBB3yetF3qbPGSA149/kuMoDMWL13RUH3A==}
    cpu: [arm]
    os: [linux]

  '@effect/tsgo-linux-x64@0.45.0':
    resolution: {integrity: sha512-aWt0G8celAxJOis4+xiILkyMP/3J+vukimUhSoCmUAPt8zoT9qhZcN64XYZE7jfqp88ByRdgN9GK1/C7YfPtcQ==}
    cpu: [x64]
    os: [linux]

  '@effect/tsgo-win32-arm64@0.45.0':
    resolution: {integrity: sha512-EAdeV366ja+M4XCx6xjXMv4Xkc0Fgzy4bapa0saDWcGhllNLqJDfOk4lk0BgAEjBUI8+0xC+PXKVB5SMz4EpVA==}
    cpu: [arm64]
    os: [win32]

  '@effect/tsgo-win32-x64@0.45.0':
    resolution: {integrity: sha512-1Hsr/sT5dmIafoY9L0ASJo4VqGyPNzM1nwTb4Wj1Lmjq6kGuwO/PVozFg3WZZ0piChFmgiU3nx1AKZfyqgjGUw==}
    cpu: [x64]
    os: [win32]

  '@effect/tsgo@0.45.0':
    resolution: {integrity: sha512-gPG0ixVHgtYBUe5DbKX9vzHlhqd9+ZEfs4m/XWy0808av0A2XqMzaG3F5rnPBN7EUJRPlo9TluIi8WHx/pBV+A==}
    hasBin: true

  '@exodus/schemasafe@1.3.0':
    resolution: {integrity: sha512-5Aap/GaRupgNx/feGBwLLTVv8OQFfv3pq2lPRzPg9R+IOBnDgghTGW7l7EuVXOvg5cc/xSAlRW8rBrjIC3Nvqw==}

  '@oxlint-tsgolint/darwin-arm64@7.0.2001':
    resolution: {integrity: sha512-CUJEdbSZ54+Xy9OXqOhWLTKZKV0BBiV7C2i/ygyVmXtkUNXx5YCzN8DpSSshTAKktoL7S+tnQ/ftFG/i7X896w==}
    cpu: [arm64]
    os: [darwin]

  '@oxlint-tsgolint/darwin-x64@7.0.2001':
    resolution: {integrity: sha512-pXfBb5BqONCcgrXQNUZWXgiYmRSWJzd97S8i41VVOh6ut0tyo+cJ5FKFpczDHxiVNfj/3e7c9B4MtztNdpIVCw==}
    cpu: [x64]
    os: [darwin]

  '@oxlint-tsgolint/linux-arm64@7.0.2001':
    resolution: {integrity: sha512-roP7zujb/QDPzDwEKsFFpzNHHy91/Y7oX9vQXk78ekyZtcQj1QXDIMH33gjDdHBfRl4K9pZ36xhRgrP4Zr+R8A==}
    cpu: [arm64]
    os: [linux]

  '@oxlint-tsgolint/linux-x64@7.0.2001':
    resolution: {integrity: sha512-UDezNqdECVmngu2TPnjaS1YoAmcTaBoI5lV9vk3VahBxoi+I5r9k3iJTT7qZoYWOXTD/7T7bNcwRgrocR6BscQ==}
    cpu: [x64]
    os: [linux]

  '@oxlint-tsgolint/win32-arm64@7.0.2001':
    resolution: {integrity: sha512-uJZhqB6pdXLuN+AD1F5082byyQti/NPmJA77GtcFlmT2HzRelqbNls3SaIqxpjdFgvSBF9g0yOKGBkGFg7kX8Q==}
    cpu: [arm64]
    os: [win32]

  '@oxlint-tsgolint/win32-x64@7.0.2001':
    resolution: {integrity: sha512-FkDRm8hx9OwzGQqyWG1tO5QrTLRApff9DzSgpz9QZau37BR8d1VYKOxMLGf6shPZntJFoTwIIJYT68VndYDCog==}
    cpu: [x64]
    os: [win32]

  '@oxlint/binding-android-arm-eabi@1.82.0':
    resolution: {integrity: sha512-a3LB+C5Dsj5b/qtmG/mv5WrzuiXEpg1KF5nXWcEvaoN5TYAqkIvxPOwTPp3Jy/FoGpRo8zsTFhMElMXfeoOEzA==}
    engines: {node: ^20.19.0 || >=22.12.0}
    cpu: [arm]
    os: [android]

  '@oxlint/binding-android-arm64@1.82.0':
    resolution: {integrity: sha512-OBlhRgNqFblGpGenno/aqOfJLOkQ2B8Ig3iDAalfn0H8hJGZKXPeexCRTDm6uwv6YUjSA9Xnwt1y/Bgj5ZH8uw==}
    engines: {node: ^20.19.0 || >=22.12.0}
    cpu: [arm64]
    os: [android]

  '@oxlint/binding-darwin-arm64@1.82.0':
    resolution: {integrity: sha512-dsopxqtY5ZdyT9uLHyGt1SyiLop6hi7hWI3PKpePodkRQOkLaCm+OE4fR9CAz9qdfjiFO8531tX/QDyP/psjFg==}
    engines: {node: ^20.19.0 || >=22.12.0}
    cpu: [arm64]
    os: [darwin]

  '@oxlint/binding-darwin-x64@1.82.0':
    resolution: {integrity: sha512-94Lu0SgTClKColU66g1VDuigV3HkcbkJBnTtZjGYfE8UPugaWDgKrm2icjC6HJVUYler2OXaHP/X0TBy8+CowQ==}
    engines: {node: ^20.19.0 || >=22.12.0}
    cpu: [x64]
    os: [darwin]

  '@oxlint/binding-freebsd-x64@1.82.0':
    resolution: {integrity: sha512-hne/V06ewhh1i0w8+l7GDNROAGCGPmyFuOwiP7YTRu0JycyStJ4785dmF8xU5p0uUwt2emvIF9vc7Xjis+cJ0g==}
    engines: {node: ^20.19.0 || >=22.12.0}
    cpu: [x64]
    os: [freebsd]

  '@oxlint/binding-linux-arm-gnueabihf@1.82.0':
    resolution: {integrity: sha512-aWY2xtbZf1LneW9Qsv/n2Sp8gOu74JrlQzEtj4coHX2SHFrCfhmAumaU+sI/A5nr+yoTRTSmI/pL2s6ADlNSkw==}
    engines: {node: ^20.19.0 || >=22.12.0}
    cpu: [arm]
    os: [linux]

  '@oxlint/binding-linux-arm-musleabihf@1.82.0':
    resolution: {integrity: sha512-Fe+TtXCXMh/5f7kWlZ2VAwsMumZWtraFlKVk1NJlL52/beGwfDE7ov+/8gVirHzWokzGu7X65hSPq0ucPDskWQ==}
    engines: {node: ^20.19.0 || >=22.12.0}
    cpu: [arm]
    os: [linux]

  '@oxlint/binding-linux-arm64-gnu@1.82.0':
    resolution: {integrity: sha512-6azCZ6OJudlvipNttXCCQcyeFfcJ/NvUZdSN1z8elo73kCHtyQC7WTiUcSjWYvJ1jaq9KDUyMAoAS/vNzhBomA==}
    engines: {node: ^20.19.0 || >=22.12.0}
    cpu: [arm64]
    os: [linux]
    libc: [glibc]

  '@oxlint/binding-linux-arm64-musl@1.82.0':
    resolution: {integrity: sha512-PLEaSD8IAIIlwW4dwOd9YaxuxeOpwiXL4J24rcnE4iNtyM5j9Q9/3+gti08oXpx0u2ygNjRDx9xjWWpQonuJEw==}
    engines: {node: ^20.19.0 || >=22.12.0}
    cpu: [arm64]
    os: [linux]
    libc: [musl]

  '@oxlint/binding-linux-ppc64-gnu@1.82.0':
    resolution: {integrity: sha512-D94em/BwknNTn4vqxjHh5wb2oL566eFhArabqKIr0cNZMHOJuiraFp1A8tXpH05bbE5tqwEfLXTI0MWEGtn3Dw==}
    engines: {node: ^20.19.0 || >=22.12.0}
    cpu: [ppc64]
    os: [linux]
    libc: [glibc]

  '@oxlint/binding-linux-riscv64-gnu@1.82.0':
    resolution: {integrity: sha512-MOprxBaoYU2D4VgxXCl3ghydThWtx7Um1lL51kGYNeQ5Al7WzsH7/tqGdNtbLrIWnjq3bsm13+nz/gRIxjrOXw==}
    engines: {node: ^20.19.0 || >=22.12.0}
    cpu: [riscv64]
    os: [linux]
    libc: [glibc]

  '@oxlint/binding-linux-riscv64-musl@1.82.0':
    resolution: {integrity: sha512-5h55QsfJ/luDXZzC20k6SNOY1Az+dCP9WvntKtcUWh2JhckAdwApY2ZusaBTwLENnReXU+A2fJtSrYvZJNKNPg==}
    engines: {node: ^20.19.0 || >=22.12.0}
    cpu: [riscv64]
    os: [linux]
    libc: [musl]

  '@oxlint/binding-linux-s390x-gnu@1.82.0':
    resolution: {integrity: sha512-IE8NJNLlHr0CaXyGJPGVn0eTkUyoj1I2UfA8x7I4PSOYKsQ/6btVC7Pywrj5onk0cMH25r6Z38SoN3AvE5Zuog==}
    engines: {node: ^20.19.0 || >=22.12.0}
    cpu: [s390x]
    os: [linux]
    libc: [glibc]

  '@oxlint/binding-linux-x64-gnu@1.82.0':
    resolution: {integrity: sha512-XUUUxaBo9XKl+J1B9EmP1cTGQPddzeURvoGkfwh/94PGnbW+hBprDljneoI2M1jzC1bzrIV3ihc7iM9UXl8+tg==}
    engines: {node: ^20.19.0 || >=22.12.0}
    cpu: [x64]
    os: [linux]
    libc: [glibc]

  '@oxlint/binding-linux-x64-musl@1.82.0':
    resolution: {integrity: sha512-SWLSFulX9TDuH6yvbPYp4+VNn6jkkIvvI+KiujDM5rWBRHEfkesCC/pCneIIUr6ovkxZ5fRtpi2v5Cz5FrMJZg==}
    engines: {node: ^20.19.0 || >=22.12.0}
    cpu: [x64]
    os: [linux]
    libc: [musl]

  '@oxlint/binding-openharmony-arm64@1.82.0':
    resolution: {integrity: sha512-BQy35f6ZUdNr9a6c7B7orxQTcLjByGT2z3WAgmRovpRwmPYAaJ+NTplmMzhdjdJ4qSchfMNZy/Ukg+qRg6zseQ==}
    engines: {node: ^20.19.0 || >=22.12.0}
    cpu: [arm64]
    os: [openharmony]

  '@oxlint/binding-win32-arm64-msvc@1.82.0':
    resolution: {integrity: sha512-V4QhSTg5gctZue8RJjsGi7NpQPThr/p1/HfmiMC5kfe1KFEup9SQRVub4A6kijQjdHfxj7bLL1KO3QO7/5bwMQ==}
    engines: {node: ^20.19.0 || >=22.12.0}
    cpu: [arm64]
    os: [win32]

  '@oxlint/binding-win32-ia32-msvc@1.82.0':
    resolution: {integrity: sha512-TUSCLaKB2yktpFAJ/r3HAUYsaV/3DT7JS4iNKyoh3a9YNwD0UG7Ezh4D8m23654vQcU6P/RQrCAjRPKe4peP/A==}
    engines: {node: ^20.19.0 || >=22.12.0}
    cpu: [ia32]
    os: [win32]

  '@oxlint/binding-win32-x64-msvc@1.82.0':
    resolution: {integrity: sha512-VTVoRIWJTb+wvUX8EYoPArfFH02whuR10goFXE/LHRRX33ajRrFgqbcONXZMiF4C5rnattfkm87HqYn8jb8hmQ==}
    engines: {node: ^20.19.0 || >=22.12.0}
    cpu: [x64]
    os: [win32]

  '@oxlint/plugins@1.82.0':
    resolution: {integrity: sha512-IDF4UXBNOaCeLoEpVxf5Bg85KOWdeuBEkbo1rGzS2vXcbD+GT1asBSeeTC+5BgW6NFTHVByd6N5giHsFPGtwAA==}
    engines: {node: ^12.22.0 || ^14.17.0 || >=16.0.0}

  '@redis/bloom@6.2.1':
    resolution: {integrity: sha512-huQgNLaCIZfQ9SeLn4q9124uOUd8HbZDYHwwUzNcRgHqCHiHKl2dDxMqJCeWh8cMqZAoWuHR8XnWbDMIf+o7ag==}
    engines: {node: '>= 20.0.0'}
    peerDependencies:
      '@redis/client': ^6.2.1

  '@redis/client@6.2.1':
    resolution: {integrity: sha512-LzxBY7SIBvvJiyCgcaJZZakE3fJrZZ++i24+EDW9fKpCl68D35uJcKFpZZwCfOoG9WZTbyZlMzMeM0gtOAMU9Q==}
    engines: {node: '>= 20.0.0'}
    peerDependencies:
      '@node-rs/xxhash': ^1.1.0
      '@opentelemetry/api': '>=1 <2'
    peerDependenciesMeta:
      '@node-rs/xxhash':
        optional: true
      '@opentelemetry/api':
        optional: true

  '@redis/json@6.2.1':
    resolution: {integrity: sha512-AFIUJ8Gj0DaaSBHYuSt8+O0oYWM+50OK1c0OmodB7XERIA8+BbyV3O4v76f9iccWasd1/7qjfZTpuzexUaZtrQ==}
    engines: {node: '>= 20.0.0'}
    peerDependencies:
      '@redis/client': ^6.2.1

  '@redis/search@6.2.1':
    resolution: {integrity: sha512-2vfOAOyYFE7UUw3sBBlkqqruBtOUS4HRY5MtW4hp83llrwvtrTE4r22CEqXddlV+54zkLxBE4nmsIJ/dpezQrQ==}
    engines: {node: '>= 20.0.0'}
    peerDependencies:
      '@redis/client': ^6.2.1

  '@redis/time-series@6.2.1':
    resolution: {integrity: sha512-kiYniph04dJOole+L359B6C9E+jYS2uDP7hca6Onj0xF38ZIpyxARO0Iq0W4ZRn1e8Q6vqW00QFZVSMRA/2Ijw==}
    engines: {node: '>= 20.0.0'}
    peerDependencies:
      '@redis/client': ^6.2.1

  '@turbo/darwin-64@2.11.2':
    resolution: {integrity: sha512-0pGfE4Lpxrbd+6gUD9z025Tn4z9uMaSNZ3VX0H/hkUPZkjY5xrCa1NfTqocs09NM5NiYE3wEVcoYBadrhayRCA==}
    cpu: [x64]
    os: [darwin]

  '@turbo/darwin-arm64@2.11.2':
    resolution: {integrity: sha512-Ub7hTbu0bPSiW156ciuLCexG5/SfuZM/QWeBBh9o8P4XyKiZwKqubT6Y9DdJjdp4ZY2wS47Prdl06Xxzt0q6zw==}
    cpu: [arm64]
    os: [darwin]

  '@turbo/linux-64@2.11.2':
    resolution: {integrity: sha512-8ipdmgmvSomfQ8E9afUsefO+BLO6QMW7srrHqMOCXD3BPX4FlYqqWAJY1GvbQotZMWKzNohdVkevrUYM6ZzYKA==}
    cpu: [x64]
    os: [android, linux]

  '@turbo/linux-arm64@2.11.2':
    resolution: {integrity: sha512-tsftYXAzgc+GdosqyRP8+Zzk2evJ8ej7Otal7/DU+6GVekVZ3kqM/z7zlGuF4TSHeetWxX04KN1I64LkmvYzgg==}
    cpu: [arm64]
    os: [android, linux]

  '@turbo/windows-64@2.11.2':
    resolution: {integrity: sha512-p5LDVcGmC8W6FCrJPehr1t0ZvYqM8xvG3Va+LkwtDMK3Rl0NhSsJOYbYZVBfMbkm+9RKcCvekFCbSVtQ9Eyuqg==}
    cpu: [x64]
    os: [win32]

  '@turbo/windows-arm64@2.11.2':
    resolution: {integrity: sha512-u0M3m1aXo9lpDM/2iQhxlGzgWjHFq/MC4TqHn1YAvxk8g1wGtzRB2QBx/SLqRChhPhC29mzaB8eLcxKh/pcM1g==}
    cpu: [arm64]
    os: [win32]

  '@types/node@24.13.6':
    resolution: {integrity: sha512-SGrw/h3KPFshy3OE6ZL53LMBG5vGQQ8/gIpiqz/kRZhPJ7HgwCEs8LBuNtWLa8dvGZVpSF7+Bf+c11HUrCb/yg==}

  '@types/ws@8.18.1':
    resolution: {integrity: sha512-ThVF6DCVhA8kUGy+aazFQ4kXQ7E1Ty7A3ypFOe0IcJV8O/M511G99AW24irKrW56Wt44yG9+ij8FaqoBGkuBXg==}

  '@typescript/typescript-aix-ppc64@7.0.2':
    resolution: {integrity: sha512-MTKKkWB7p/0E9xi1d1tHtZ5PiLkGEMIq88pK2CubZjOsLtYTLqhgIgi6zepFa+9GHZ6h05NMCkQxGKiPXMxXtQ==}
    engines: {node: '>=16.20.0'}
    cpu: [ppc64]
    os: [aix]

  '@typescript/typescript-darwin-arm64@7.0.2':
    resolution: {integrity: sha512-gowzar9MwS/aRWp6f3a4KUqzRjAZjOsmGNCM6LcTgXum+dBfgsBVMN+AgvOCCbguXyick6LJhpBszxMebJ8syA==}
    engines: {node: '>=16.20.0'}
    cpu: [arm64]
    os: [darwin]

  '@typescript/typescript-darwin-x64@7.0.2':
    resolution: {integrity: sha512-SZ9xZInqApNlNGc9s0W1VSsktYSOe9cFqNOIqmN1Gs8SmkjKZYFt017G4VwPxASInODuAdbTW7sXiFUf893RgA==}
    engines: {node: '>=16.20.0'}
    cpu: [x64]
    os: [darwin]

  '@typescript/typescript-freebsd-arm64@7.0.2':
    resolution: {integrity: sha512-W5NH4y/J0plIIS5b2xvTEkU7JFxyqdMAOgf+Ilhl0vHQXKO5dZoxd+C/jEtq56c4F3wk71RB4BMRQ2XdI+bwYQ==}
    engines: {node: '>=16.20.0'}
    cpu: [arm64]
    os: [freebsd]

  '@typescript/typescript-freebsd-x64@7.0.2':
    resolution: {integrity: sha512-UMGDx5sTpzNw3WiPebH7l90IWfJggEd+egHt/q6p7/Cm3zqoV7VxkGXt+3DxPIw8CcmvAB0j3sVVfbhX+M4Tpw==}
    engines: {node: '>=16.20.0'}
    cpu: [x64]
    os: [freebsd]

  '@typescript/typescript-linux-arm64@7.0.2':
    resolution: {integrity: sha512-Qh4eU4/y3yDjnfjjyPYihMj5/ODIlmt+Bzu17OI+fiSRDW57QmU5SiN63exPRNJPKUzcc1INa1NXdrJ+MqHjUQ==}
    engines: {node: '>=16.20.0'}
    cpu: [arm64]
    os: [linux]

  '@typescript/typescript-linux-arm@7.0.2':
    resolution: {integrity: sha512-gffT3xPz9sR7j/YJExkyPntrI0P2EP9XbOyWzth2/Gs0RstK+90RBcO0ncXoXy/beYll1SXw846Nf2zdnEz0QQ==}
    engines: {node: '>=16.20.0'}
    cpu: [arm]
    os: [linux]

  '@typescript/typescript-linux-loong64@7.0.2':
    resolution: {integrity: sha512-uEHck9i8hoAzXPiYRib1O7miOnz23SxIeVl6F4LXox+qov1K35jHcEW6VHKvZI+pyvl7fZEP4MCU5LYvIq1GuQ==}
    engines: {node: '>=16.20.0'}
    cpu: [loong64]
    os: [linux]

  '@typescript/typescript-linux-mips64el@7.0.2':
    resolution: {integrity: sha512-R4KvAMnE43W5Qeqb0Ly56O3mWMWIAgsMyz36DCaycd5nbg/9kzm0liw3JocfRqyJY0KPmzFjbswozXyW0DnIYA==}
    engines: {node: '>=16.20.0'}
    cpu: [mips64el]
    os: [linux]

  '@typescript/typescript-linux-ppc64@7.0.2':
    resolution: {integrity: sha512-DORx5b3sd/4S7eayxm4FQv+A7CrkUIGRaHiwI8oiHTAI1fAPWhF4J0vAlkC8biAlHSVVwxMQ3tjZ2/DVbnQiiA==}
    engines: {node: '>=16.20.0'}
    cpu: [ppc64]
    os: [linux]

  '@typescript/typescript-linux-riscv64@7.0.2':
    resolution: {integrity: sha512-wf0jqEDOjrPRnKwYRyyJDRo11KMbvMFrU+q4zqKyChODBzvlkbhNQfKvLxQCcwTpdDaXSHZTVuh0JoCrKCUMHQ==}
    engines: {node: '>=16.20.0'}
    cpu: [riscv64]
    os: [linux]

  '@typescript/typescript-linux-s390x@7.0.2':
    resolution: {integrity: sha512-IkwJc3L7yhytWd/ewjyxNDfOmswCm9GWMJT/ue/dU4aZNbwZeYAetq42VyLmsmSjvoX7z74X6ZaYCtzAr0EuGw==}
    engines: {node: '>=16.20.0'}
    cpu: [s390x]
    os: [linux]

  '@typescript/typescript-linux-x64@7.0.2':
    resolution: {integrity: sha512-EYdf2cNg7rgCWJnxCdJ+F3V39O8ihb37eHAu1LK8oAFizgTQbPOK7zHHXbPt8rX24COqODXeI3sIf0fCXG7H/A==}
    engines: {node: '>=16.20.0'}
    cpu: [x64]
    os: [linux]

  '@typescript/typescript-netbsd-arm64@7.0.2':
    resolution: {integrity: sha512-+polYF4MF04aPpO5FTkHran9yUQDSXqy5GiSDKpsll5jy3l3+g9QLhpf39T+ePtefhXLOGrLl0QIjkQP6VnelA==}
    engines: {node: '>=16.20.0'}
    cpu: [arm64]
    os: [netbsd]

  '@typescript/typescript-netbsd-x64@7.0.2':
    resolution: {integrity: sha512-8YIT0EHM/3dq10ZOVF/A7pc/YSMtbcecct4rWtexrnSCHOPcpC2KTLXfTCR6vDpnSiY12heNb1GiN/wu+T/FyA==}
    engines: {node: '>=16.20.0'}
    cpu: [x64]
    os: [netbsd]

  '@typescript/typescript-openbsd-arm64@7.0.2':
    resolution: {integrity: sha512-APT8+ClYnuYm1u9+kgGXoMj2VzWzcymwh2gNSQVySHfkRDGOTVkoWLjCmOQSaO+PoqQ57B0flRp9SA+7GnnkzQ==}
    engines: {node: '>=16.20.0'}
    cpu: [arm64]
    os: [openbsd]

  '@typescript/typescript-openbsd-x64@7.0.2':
    resolution: {integrity: sha512-yX7s+Q0Dln0Dt9tEzZsAjXXR/+ytBM7AlglaqyeMPxQszJ1JhlJdZ6jLA+IzldHtflX81em7lDao1xXu+aRRkg==}
    engines: {node: '>=16.20.0'}
    cpu: [x64]
    os: [openbsd]

  '@typescript/typescript-sunos-x64@7.0.2':
    resolution: {integrity: sha512-dLJDGaLZ1D4HPQn62u1n8mBDkJREwMsAkCdkwd4Ieqw+x3TUyTsqY0YiBCtE6H6OzzgGk3iuZ3vFWRS+E8/d1g==}
    engines: {node: '>=16.20.0'}
    cpu: [x64]
    os: [sunos]

  '@typescript/typescript-win32-arm64@7.0.2':
    resolution: {integrity: sha512-Gyl1Vy6OsWesLzmq+EP0Fb7b4Nid5232AvcA2SFcdYreldpNtYFFofPjnt62y9hQy7VTaZp65ICJjuAQRaVcIQ==}
    engines: {node: '>=16.20.0'}
    cpu: [arm64]
    os: [win32]

  '@typescript/typescript-win32-x64@7.0.2':
    resolution: {integrity: sha512-0BQ3HkAHHlKLSp1qRvf3SUhGpGsDuhB/jgFw75guyqbxJqEaS0Cw/VFO8i2nHglJUzQCRtMMR/IBAKE3ETMC4g==}
    engines: {node: '>=16.20.0'}
    cpu: [x64]
    os: [win32]

  ansi-regex@5.0.1:
    resolution: {integrity: sha512-quJQXlTSUGL2LH9SUXo8VwsY4soanhgo6LNSm84E1LBcE8s3O0wpdiRzyR9z/ZZJMlMWv37qOOb9pdJlMUEKFQ==}
    engines: {node: '>=8'}

  ansi-styles@4.3.0:
    resolution: {integrity: sha512-zbB9rCJAT1rbjiVDb2hqKFHNYLxgtk8NURxZ3IZwD3F6NtxbXZQCnnSi1Lkx+IDohdPlFp222wVALIheZJQSEg==}
    engines: {node: '>=8'}

  call-me-maybe@1.0.2:
    resolution: {integrity: sha512-HpX65o1Hnr9HH25ojC1YGs7HCQLq0GCOibSaWER0eNpgJ/Z1MZv2mTc7+xh6WOPxbRVcmgbv4hGU+uSQ/2xFZQ==}

  cliui@8.0.1:
    resolution: {integrity: sha512-BSeNnyus75C4//NQ9gQt1/csTXyo/8Sb+afLAkzAptFuMsod9HFokGNudZpi/oQV73hnVK+sR+5PVRMd+Dr7YQ==}
    engines: {node: '>=12'}

  cluster-key-slot@1.1.2:
    resolution: {integrity: sha512-RMr0FhtfXemyinomL4hrWcYJxmX6deFdCxpJzhDttxgO1+bcCnkk+9drydLVDmAMG7NE6aN/fl4F7ucU/90gAA==}
    engines: {node: '>=0.10.0'}

  color-convert@2.0.1:
    resolution: {integrity: sha512-RRECPsj7iu/xb5oKYcsFHSppFNnsj/52OVTRKb4zP5onXwVF3zVmmToNcOfGC+CRDpfK/U584fMg38ZHCaElKQ==}
    engines: {node: '>=7.0.0'}

  color-name@1.1.4:
    resolution: {integrity: sha512-dOy+3AuW3a2wNbZHIuMZpTcgjGuLU/uBL/ubcZF9OXbDo8ff4O8yVp5Bf0efS8uEoYo5q4Fx7dY9OgQGXgAsQA==}

  effect@4.0.0-rc.117:
    resolution: {integrity: sha512-UUyi9QiOW4nySFIBM3KnYbNMd9EZliOdKfBcyLD0mPMPheO2fkuXS5y0opjWc9oqzlJxPQICEGm8gGw3kh9j/w==}

  emoji-regex@8.0.0:
    resolution: {integrity: sha512-MSjYzcWNOA0ewAHpz0MxpYFvwg6yjy1NG3xteoqz644VCo/RPgnr1/GGt+ic3iJTzQ8Eu3TdM14SawnVUmGE6A==}

  es6-promise@3.3.1:
    resolution: {integrity: sha512-SOp9Phqvqn7jtEUxPWdWfWoLmyt2VaJ6MpvP9Comy1MceMXqE6bxvaTu4iaxpYYPzhny28Lc+M87/c2cPK6lDg==}

  escalade@3.2.0:
    resolution: {integrity: sha512-WUj2qlxaQtO4g6Pq5c29GTcWGDyd8itL8zTlipgECz3JesAiiOKotd8JU6otB3PACgG6xkJUyVhboMS+bje/jA==}
    engines: {node: '>=6'}

  fast-safe-stringify@2.1.1:
    resolution: {integrity: sha512-W+KJc2dmILlPplD/H4K9l9LcAHAfPtP6BY84uVLXQ6Evcz9Lcg33Y2z1IVblT6xdY54PXYVHEv+0Wpq8Io6zkA==}

  get-caller-file@2.0.5:
    resolution: {integrity: sha512-DyFP3BM/3YHTQOCUL/w0OZHR0lpKeGrxotcHWcqNEdnltqFwXVfhEBQ94eIo34AfQpo0rGki4cyIiftY06h2Fg==}
    engines: {node: 6.* || 8.* || >= 10.*}

  http2-client@1.3.5:
    resolution: {integrity: sha512-EC2utToWl4RKfs5zd36Mxq7nzHHBuomZboI0yYL6Y0RmBgT7Sgkq4rQ0ezFTYoIsSs7Tm9SJe+o2FcAg6GBhGA==}

  is-fullwidth-code-point@3.0.0:
    resolution: {integrity: sha512-zymm5+u+sCsSWyD9qNaejV3DFvhCKclKdizYaJUuHA83RLjb7nSuGnddCHGv0hk+KY7BMAlsWeK4Ueg6EV6XQg==}
    engines: {node: '>=8'}

  node-fetch-h2@2.3.0:
    resolution: {integrity: sha512-ofRW94Ab0T4AOh5Fk8t0h8OBWrmjb0SSB20xh1H8YnPV9EJ+f5AMoYSUQ2zgJ4Iq2HAK0I2l5/Nequ8YzFS3Hg==}
    engines: {node: 4.x || >=6.0.0}

  node-fetch@2.7.0:
    resolution: {integrity: sha512-c4FRfUm/dbcWZ7U+1Wq0AwCyFL+3nt2bEw05wfxSz+DWpWsitgmSgYmy2dQdWyKC1694ELPqMs/YzUSNozLt8A==}
    engines: {node: 4.x || >=6.0.0}
    peerDependencies:
      encoding: ^0.1.0
    peerDependenciesMeta:
      encoding:
        optional: true

  node-readfiles@0.2.0:
    resolution: {integrity: sha512-SU00ZarexNlE4Rjdm83vglt5Y9yiQ+XI1XpflWlb7q7UTN1JUItm69xMeiQCTxtTfnzt+83T8Cx+vI2ED++VDA==}

  oas-kit-common@1.0.8:
    resolution: {integrity: sha512-pJTS2+T0oGIwgjGpw7sIRU8RQMcUoKCDWFLdBqKB2BNmGpbBMH2sdqAaOXUg8OzonZHU0L7vfJu1mJFEiYDWOQ==}

  oas-linter@3.2.2:
    resolution: {integrity: sha512-KEGjPDVoU5K6swgo9hJVA/qYGlwfbFx+Kg2QB/kd7rzV5N8N5Mg6PlsoCMohVnQmo+pzJap/F610qTodKzecGQ==}

  oas-resolver@2.5.6:
    resolution: {integrity: sha512-Yx5PWQNZomfEhPPOphFbZKi9W93CocQj18NlD2Pa4GWZzdZpSJvYwoiuurRI7m3SpcChrnO08hkuQDL3FGsVFQ==}
    hasBin: true

  oas-schema-walker@1.1.5:
    resolution: {integrity: sha512-2yucenq1a9YPmeNExoUa9Qwrt9RFkjqaMAA1X+U7sbb0AqBeTIdMHky9SQQ6iN94bO5NW0W4TRYXerG+BdAvAQ==}

  oas-validator@5.0.8:
    resolution: {integrity: sha512-cu20/HE5N5HKqVygs3dt94eYJfBi0TsZvPVXDhbXQHiEityDN+RROTleefoKRKKJ9dFAF2JBkDHgvWj0sjKGmw==}

  oxlint-tsgolint@7.0.2001:
    resolution: {integrity: sha512-KjK/XLcXr1DSyonKhsuFqJRiuKqcyG9j3LJ8nkOsrLzGvodBPqzHOKauy10asLMDI0sUpvb+1sxlzff3udZvfg==}
    hasBin: true

  oxlint@1.82.0:
    resolution: {integrity: sha512-+iFM1BGw1ntYJt3QngbJmjbrGxPaKMUADOXOijpWGnYcBPq8YZnQftSS1C+pVcDYy9YxqDVJKQqQkTazTQMboQ==}
    engines: {node: ^20.19.0 || >=22.12.0}
    hasBin: true
    peerDependencies:
      oxlint-tsgolint: '>=7.0.2001'
      vite-plus: '*'
    peerDependenciesMeta:
      oxlint-tsgolint:
        optional: true
      vite-plus:
        optional: true

  redis@6.2.1:
    resolution: {integrity: sha512-Z9VHtgYs48PiQC77X9O2Er8Hj4T+5BtFjT91/vi5Is1D04N72cA946ZslM1ImJw8ZctFBZWAVjM7S5wJNeHMpg==}
    engines: {node: '>= 20.0.0'}

  reftools@1.1.9:
    resolution: {integrity: sha512-OVede/NQE13xBQ+ob5CKd5KyeJYU2YInb1bmV4nRoOfquZPkAkxuOXicSe1PvqIuZZ4kD13sPKBbR7UFDmli6w==}

  require-directory@2.1.1:
    resolution: {integrity: sha512-fGxEI7+wsG9xrvdjsrlmL22OMTTiHRwAMroiEeMgq8gzoLC/PQr7RsRDSTLUg/bZAZtF+TVIkHc6/4RIKrui+Q==}
    engines: {node: '>=0.10.0'}

  should-equal@2.0.0:
    resolution: {integrity: sha512-ZP36TMrK9euEuWQYBig9W55WPC7uo37qzAEmbjHz4gfyuXrEUgF8cUvQVO+w+d3OMfPvSRQJ22lSm8MQJ43LTA==}

  should-format@3.0.3:
    resolution: {integrity: sha512-hZ58adtulAk0gKtua7QxevgUaXTTXxIi8t41L3zo9AHvjXO1/7sdLECuHeIN2SRtYXpNkmhoUP2pdeWgricQ+Q==}

  should-type-adaptors@1.1.0:
    resolution: {integrity: sha512-JA4hdoLnN+kebEp2Vs8eBe9g7uy0zbRo+RMcU0EsNy+R+k049Ki+N5tT5Jagst2g7EAja+euFuoXFCa8vIklfA==}

  should-type@1.4.0:
    resolution: {integrity: sha512-MdAsTu3n25yDbIe1NeN69G4n6mUnJGtSJHygX3+oN0ZbO3DTiATnf7XnYJdGT42JCXurTb1JI0qOBR65shvhPQ==}

  should-util@1.0.1:
    resolution: {integrity: sha512-oXF8tfxx5cDk8r2kYqlkUJzZpDBqVY/II2WhvU0n9Y3XYvAYRmeaf1PvvIvTgPnv4KJ+ES5M0PyDq5Jp+Ygy2g==}

  should@13.2.3:
    resolution: {integrity: sha512-ggLesLtu2xp+ZxI+ysJTmNjh2U0TsC+rQ/pfED9bUZZ4DKefP27D+7YJVVTvKsmjLpIi9jAa7itwDGkDDmt1GQ==}

  string-width@4.2.3:
    resolution: {integrity: sha512-wKyQRQpjJ0sIp62ErSZdGsjMJWsap5oRNihHhu6G7JVO/9jIB6UyevL+tXuOqrng8j/cxKTWyWUwvSTriiZz/g==}
    engines: {node: '>=8'}

  strip-ansi@6.0.1:
    resolution: {integrity: sha512-Y38VPSHcqkFrCpFnQ9vuSXmquuv5oXOKpGeT6aGrr3o3Gc9AlVa6JBfUSOCnbxGGZF+/0ooI7KrPuUSztUdU5A==}
    engines: {node: '>=8'}

  swagger2openapi@7.0.8:
    resolution: {integrity: sha512-upi/0ZGkYgEcLeGieoz8gT74oWHA0E7JivX7aN9mAf+Tc7BQoRBvnIGHoPDw+f9TXTW4s6kGYCZJtauP6OYp7g==}
    hasBin: true

  tr46@0.0.3:
    resolution: {integrity: sha512-N3WMsuqV66lT30CrXNbEjx4GEwlow3v6rr4mCcv6prnfwhS01rkgyFdjPNBYd9br7LpXV1+Emh01fHnq2Gdgrw==}

  turbo@2.11.2:
    resolution: {integrity: sha512-s0GhnWXlAAN+wb2GRMQxnZgFweRWTAceRWW/4Lk9iHj7QuLZMjDxQQqu+Xoh7Nckuy8UiSim520w6yqP2+ertw==}
    hasBin: true

  typescript@7.0.2:
    resolution: {integrity: sha512-8FYau96o3NKOhbjKi/qNvG/W5jhzxkbdm5sj9AbZ/5T5sWqn3hJgLfGx27sRKZWTvyzCP8dLRBTf5tBTSRVUNA==}
    engines: {node: '>=16.20.0'}
    hasBin: true

  undici-types@7.18.2:
    resolution: {integrity: sha512-AsuCzffGHJybSaRrmr5eHr81mwJU3kjw6M+uprWvCXiNeN9SOGwQ3Jn8jb8m3Z6izVgknn1R0FTCEAP2QrLY/w==}

  undici@8.10.2:
    resolution: {integrity: sha512-/y4/bH9YNU5hi9NIrpOuvGXFcxrj3CMrV+/AYpowAYTpHn8gX/XPFjNy766FPoYY0miQhdW977JFWKGNhBdwyQ==}
    engines: {node: '>=22.19.0'}

  webidl-conversions@3.0.1:
    resolution: {integrity: sha512-2JAn3z8AR6rjK8Sm8orRC0h/bcl/DqL7tRPdGZ4I1CjdF+EaMLmYxBHyXuKL849eucPFhvBoxMsflfOb8kxaeQ==}

  whatwg-url@5.0.0:
    resolution: {integrity: sha512-saE57nupxk6v3HY35+jzBwYa0rKSy0XR8JSxZPwgLr7ys0IBzhGviA1/TUGJLmSVqs8pb9AnvICXEuOHLprYTw==}

  wrap-ansi@7.0.0:
    resolution: {integrity: sha512-YVGIj2kamLSTxw6NsZjoBxfSwsn0ycdesmc4p+Q21c5zPuZ1pl+NfxVdxPtdHvmNVOQ6XSYG4AUtyt/Fi7D16Q==}
    engines: {node: '>=10'}

  ws@8.21.3:
    resolution: {integrity: sha512-201TZ/kPWxoPr/OKWjquZR1SWKXcvxdH+e1xrx89b3YbmzLMFCLfnaG1HFIgWzJOEWZ7MvpK++odZufgYR50Rw==}
    engines: {node: '>=10.0.0'}
    peerDependencies:
      bufferutil: ^4.0.1
      utf-8-validate: '>=5.0.2'
    peerDependenciesMeta:
      bufferutil:
        optional: true
      utf-8-validate:
        optional: true

  y18n@5.0.8:
    resolution: {integrity: sha512-0pfFzegeDWJHJIAmTLRP2DwHjdF5s7jo9tuztdQxAhINCdvS+3nGINqPd00AphqJR/0LhANUS6/+7SCb98YOfA==}
    engines: {node: '>=10'}

  yaml@1.10.3:
    resolution: {integrity: sha512-vIYeF1u3CjlhAFekPPAk2h/Kv4T3mAkMox5OymRiJQB0spDP10LHvt+K7G9Ny6NuuMAb25/6n1qyUjAcGNf/AA==}
    engines: {node: '>= 6'}

  yargs-parser@21.1.1:
    resolution: {integrity: sha512-tVpsJW7DdjecAiFpbIB1e3qxIQsE6NoPc5/eTdrbbIC4h0LVsWhnoa3g+m2HclBIujHzsxZ4VJVA+GUuc2/LBw==}
    engines: {node: '>=12'}

  yargs@17.7.3:
    resolution: {integrity: sha512-GZtjxm/J/4TSxuL3FNYjCmLktBTnIw/rVmKSIyKeYAZpmJB2ig9VauCC5xsa82GNKVKDAqpOn3KVzNt0zmrU0g==}
    engines: {node: '>=12'}

snapshots:

  '@effect/openapi-generator@4.0.0-rc.117(@effect/platform-node@4.0.0-rc.117(effect@4.0.0-rc.117)(redis@6.2.1))(effect@4.0.0-rc.117)':
    dependencies:
      '@effect/platform-node': 4.0.0-rc.117(effect@4.0.0-rc.117)(redis@6.2.1)
      effect: 4.0.0-rc.117
      swagger2openapi: 7.0.8
    transitivePeerDependencies:
      - encoding

  '@effect/platform-node-shared@4.0.0-rc.117(effect@4.0.0-rc.117)':
    dependencies:
      '@types/ws': 8.18.1
      effect: 4.0.0-rc.117
      ws: 8.21.3
    transitivePeerDependencies:
      - bufferutil
      - utf-8-validate

  '@effect/platform-node@4.0.0-rc.117(effect@4.0.0-rc.117)(redis@6.2.1)':
    dependencies:
      '@effect/platform-node-shared': 4.0.0-rc.117(effect@4.0.0-rc.117)
      effect: 4.0.0-rc.117
      redis: 6.2.1
      undici: 8.10.2
    transitivePeerDependencies:
      - bufferutil
      - utf-8-validate

  '@effect/tsgo-darwin-arm64@0.45.0':
    optional: true

  '@effect/tsgo-darwin-x64@0.45.0':
    optional: true

  '@effect/tsgo-linux-arm64@0.45.0':
    optional: true

  '@effect/tsgo-linux-arm@0.45.0':
    optional: true

  '@effect/tsgo-linux-x64@0.45.0':
    optional: true

  '@effect/tsgo-win32-arm64@0.45.0':
    optional: true

  '@effect/tsgo-win32-x64@0.45.0':
    optional: true

  '@effect/tsgo@0.45.0':
    optionalDependencies:
      '@effect/tsgo-darwin-arm64': 0.45.0
      '@effect/tsgo-darwin-x64': 0.45.0
      '@effect/tsgo-linux-arm': 0.45.0
      '@effect/tsgo-linux-arm64': 0.45.0
      '@effect/tsgo-linux-x64': 0.45.0
      '@effect/tsgo-win32-arm64': 0.45.0
      '@effect/tsgo-win32-x64': 0.45.0

  '@exodus/schemasafe@1.3.0': {}

  '@oxlint-tsgolint/darwin-arm64@7.0.2001':
    optional: true

  '@oxlint-tsgolint/darwin-x64@7.0.2001':
    optional: true

  '@oxlint-tsgolint/linux-arm64@7.0.2001':
    optional: true

  '@oxlint-tsgolint/linux-x64@7.0.2001':
    optional: true

  '@oxlint-tsgolint/win32-arm64@7.0.2001':
    optional: true

  '@oxlint-tsgolint/win32-x64@7.0.2001':
    optional: true

  '@oxlint/binding-android-arm-eabi@1.82.0':
    optional: true

  '@oxlint/binding-android-arm64@1.82.0':
    optional: true

  '@oxlint/binding-darwin-arm64@1.82.0':
    optional: true

  '@oxlint/binding-darwin-x64@1.82.0':
    optional: true

  '@oxlint/binding-freebsd-x64@1.82.0':
    optional: true

  '@oxlint/binding-linux-arm-gnueabihf@1.82.0':
    optional: true

  '@oxlint/binding-linux-arm-musleabihf@1.82.0':
    optional: true

  '@oxlint/binding-linux-arm64-gnu@1.82.0':
    optional: true

  '@oxlint/binding-linux-arm64-musl@1.82.0':
    optional: true

  '@oxlint/binding-linux-ppc64-gnu@1.82.0':
    optional: true

  '@oxlint/binding-linux-riscv64-gnu@1.82.0':
    optional: true

  '@oxlint/binding-linux-riscv64-musl@1.82.0':
    optional: true

  '@oxlint/binding-linux-s390x-gnu@1.82.0':
    optional: true

  '@oxlint/binding-linux-x64-gnu@1.82.0':
    optional: true

  '@oxlint/binding-linux-x64-musl@1.82.0':
    optional: true

  '@oxlint/binding-openharmony-arm64@1.82.0':
    optional: true

  '@oxlint/binding-win32-arm64-msvc@1.82.0':
    optional: true

  '@oxlint/binding-win32-ia32-msvc@1.82.0':
    optional: true

  '@oxlint/binding-win32-x64-msvc@1.82.0':
    optional: true

  '@oxlint/plugins@1.82.0': {}

  '@redis/bloom@6.2.1(@redis/client@6.2.1)':
    dependencies:
      '@redis/client': 6.2.1

  '@redis/client@6.2.1':
    dependencies:
      cluster-key-slot: 1.1.2

  '@redis/json@6.2.1(@redis/client@6.2.1)':
    dependencies:
      '@redis/client': 6.2.1

  '@redis/search@6.2.1(@redis/client@6.2.1)':
    dependencies:
      '@redis/client': 6.2.1

  '@redis/time-series@6.2.1(@redis/client@6.2.1)':
    dependencies:
      '@redis/client': 6.2.1

  '@turbo/darwin-64@2.11.2':
    optional: true

  '@turbo/darwin-arm64@2.11.2':
    optional: true

  '@turbo/linux-64@2.11.2':
    optional: true

  '@turbo/linux-arm64@2.11.2':
    optional: true

  '@turbo/windows-64@2.11.2':
    optional: true

  '@turbo/windows-arm64@2.11.2':
    optional: true

  '@types/node@24.13.6':
    dependencies:
      undici-types: 7.18.2

  '@types/ws@8.18.1':
    dependencies:
      '@types/node': 24.13.6

  '@typescript/typescript-aix-ppc64@7.0.2':
    optional: true

  '@typescript/typescript-darwin-arm64@7.0.2':
    optional: true

  '@typescript/typescript-darwin-x64@7.0.2':
    optional: true

  '@typescript/typescript-freebsd-arm64@7.0.2':
    optional: true

  '@typescript/typescript-freebsd-x64@7.0.2':
    optional: true

  '@typescript/typescript-linux-arm64@7.0.2':
    optional: true

  '@typescript/typescript-linux-arm@7.0.2':
    optional: true

  '@typescript/typescript-linux-loong64@7.0.2':
    optional: true

  '@typescript/typescript-linux-mips64el@7.0.2':
    optional: true

  '@typescript/typescript-linux-ppc64@7.0.2':
    optional: true

  '@typescript/typescript-linux-riscv64@7.0.2':
    optional: true

  '@typescript/typescript-linux-s390x@7.0.2':
    optional: true

  '@typescript/typescript-linux-x64@7.0.2':
    optional: true

  '@typescript/typescript-netbsd-arm64@7.0.2':
    optional: true

  '@typescript/typescript-netbsd-x64@7.0.2':
    optional: true

  '@typescript/typescript-openbsd-arm64@7.0.2':
    optional: true

  '@typescript/typescript-openbsd-x64@7.0.2':
    optional: true

  '@typescript/typescript-sunos-x64@7.0.2':
    optional: true

  '@typescript/typescript-win32-arm64@7.0.2':
    optional: true

  '@typescript/typescript-win32-x64@7.0.2':
    optional: true

  ansi-regex@5.0.1: {}

  ansi-styles@4.3.0:
    dependencies:
      color-convert: 2.0.1

  call-me-maybe@1.0.2: {}

  cliui@8.0.1:
    dependencies:
      string-width: 4.2.3
      strip-ansi: 6.0.1
      wrap-ansi: 7.0.0

  cluster-key-slot@1.1.2: {}

  color-convert@2.0.1:
    dependencies:
      color-name: 1.1.4

  color-name@1.1.4: {}

  effect@4.0.0-rc.117: {}

  emoji-regex@8.0.0: {}

  es6-promise@3.3.1: {}

  escalade@3.2.0: {}

  fast-safe-stringify@2.1.1: {}

  get-caller-file@2.0.5: {}

  http2-client@1.3.5: {}

  is-fullwidth-code-point@3.0.0: {}

  node-fetch-h2@2.3.0:
    dependencies:
      http2-client: 1.3.5

  node-fetch@2.7.0:
    dependencies:
      whatwg-url: 5.0.0

  node-readfiles@0.2.0:
    dependencies:
      es6-promise: 3.3.1

  oas-kit-common@1.0.8:
    dependencies:
      fast-safe-stringify: 2.1.1

  oas-linter@3.2.2:
    dependencies:
      '@exodus/schemasafe': 1.3.0
      should: 13.2.3
      yaml: 1.10.3

  oas-resolver@2.5.6:
    dependencies:
      node-fetch-h2: 2.3.0
      oas-kit-common: 1.0.8
      reftools: 1.1.9
      yaml: 1.10.3
      yargs: 17.7.3

  oas-schema-walker@1.1.5: {}

  oas-validator@5.0.8:
    dependencies:
      call-me-maybe: 1.0.2
      oas-kit-common: 1.0.8
      oas-linter: 3.2.2
      oas-resolver: 2.5.6
      oas-schema-walker: 1.1.5
      reftools: 1.1.9
      should: 13.2.3
      yaml: 1.10.3

  oxlint-tsgolint@7.0.2001:
    optionalDependencies:
      '@oxlint-tsgolint/darwin-arm64': 7.0.2001
      '@oxlint-tsgolint/darwin-x64': 7.0.2001
      '@oxlint-tsgolint/linux-arm64': 7.0.2001
      '@oxlint-tsgolint/linux-x64': 7.0.2001
      '@oxlint-tsgolint/win32-arm64': 7.0.2001
      '@oxlint-tsgolint/win32-x64': 7.0.2001

  oxlint@1.82.0(oxlint-tsgolint@7.0.2001):
    optionalDependencies:
      '@oxlint/binding-android-arm-eabi': 1.82.0
      '@oxlint/binding-android-arm64': 1.82.0
      '@oxlint/binding-darwin-arm64': 1.82.0
      '@oxlint/binding-darwin-x64': 1.82.0
      '@oxlint/binding-freebsd-x64': 1.82.0
      '@oxlint/binding-linux-arm-gnueabihf': 1.82.0
      '@oxlint/binding-linux-arm-musleabihf': 1.82.0
      '@oxlint/binding-linux-arm64-gnu': 1.82.0
      '@oxlint/binding-linux-arm64-musl': 1.82.0
      '@oxlint/binding-linux-ppc64-gnu': 1.82.0
      '@oxlint/binding-linux-riscv64-gnu': 1.82.0
      '@oxlint/binding-linux-riscv64-musl': 1.82.0
      '@oxlint/binding-linux-s390x-gnu': 1.82.0
      '@oxlint/binding-linux-x64-gnu': 1.82.0
      '@oxlint/binding-linux-x64-musl': 1.82.0
      '@oxlint/binding-openharmony-arm64': 1.82.0
      '@oxlint/binding-win32-arm64-msvc': 1.82.0
      '@oxlint/binding-win32-ia32-msvc': 1.82.0
      '@oxlint/binding-win32-x64-msvc': 1.82.0
      oxlint-tsgolint: 7.0.2001

  redis@6.2.1:
    dependencies:
      '@redis/bloom': 6.2.1(@redis/client@6.2.1)
      '@redis/client': 6.2.1
      '@redis/json': 6.2.1(@redis/client@6.2.1)
      '@redis/search': 6.2.1(@redis/client@6.2.1)
      '@redis/time-series': 6.2.1(@redis/client@6.2.1)
    transitivePeerDependencies:
      - '@node-rs/xxhash'
      - '@opentelemetry/api'

  reftools@1.1.9: {}

  require-directory@2.1.1: {}

  should-equal@2.0.0:
    dependencies:
      should-type: 1.4.0

  should-format@3.0.3:
    dependencies:
      should-type: 1.4.0
      should-type-adaptors: 1.1.0

  should-type-adaptors@1.1.0:
    dependencies:
      should-type: 1.4.0
      should-util: 1.0.1

  should-type@1.4.0: {}

  should-util@1.0.1: {}

  should@13.2.3:
    dependencies:
      should-equal: 2.0.0
      should-format: 3.0.3
      should-type: 1.4.0
      should-type-adaptors: 1.1.0
      should-util: 1.0.1

  string-width@4.2.3:
    dependencies:
      emoji-regex: 8.0.0
      is-fullwidth-code-point: 3.0.0
      strip-ansi: 6.0.1

  strip-ansi@6.0.1:
    dependencies:
      ansi-regex: 5.0.1

  swagger2openapi@7.0.8:
    dependencies:
      call-me-maybe: 1.0.2
      node-fetch: 2.7.0
      node-fetch-h2: 2.3.0
      node-readfiles: 0.2.0
      oas-kit-common: 1.0.8
      oas-resolver: 2.5.6
      oas-schema-walker: 1.1.5
      oas-validator: 5.0.8
      reftools: 1.1.9
      yaml: 1.10.3
      yargs: 17.7.3
    transitivePeerDependencies:
      - encoding

  tr46@0.0.3: {}

  turbo@2.11.2:
    optionalDependencies:
      '@turbo/darwin-64': 2.11.2
      '@turbo/darwin-arm64': 2.11.2
      '@turbo/linux-64': 2.11.2
      '@turbo/linux-arm64': 2.11.2
      '@turbo/windows-64': 2.11.2
      '@turbo/windows-arm64': 2.11.2

  typescript@7.0.2:
    optionalDependencies:
      '@typescript/typescript-aix-ppc64': 7.0.2
      '@typescript/typescript-darwin-arm64': 7.0.2
      '@typescript/typescript-darwin-x64': 7.0.2
      '@typescript/typescript-freebsd-arm64': 7.0.2
      '@typescript/typescript-freebsd-x64': 7.0.2
      '@typescript/typescript-linux-arm': 7.0.2
      '@typescript/typescript-linux-arm64': 7.0.2
      '@typescript/typescript-linux-loong64': 7.0.2
      '@typescript/typescript-linux-mips64el': 7.0.2
      '@typescript/typescript-linux-ppc64': 7.0.2
      '@typescript/typescript-linux-riscv64': 7.0.2
      '@typescript/typescript-linux-s390x': 7.0.2
      '@typescript/typescript-linux-x64': 7.0.2
      '@typescript/typescript-netbsd-arm64': 7.0.2
      '@typescript/typescript-netbsd-x64': 7.0.2
      '@typescript/typescript-openbsd-arm64': 7.0.2
      '@typescript/typescript-openbsd-x64': 7.0.2
      '@typescript/typescript-sunos-x64': 7.0.2
      '@typescript/typescript-win32-arm64': 7.0.2
      '@typescript/typescript-win32-x64': 7.0.2

  undici-types@7.18.2: {}

  undici@8.10.2: {}

  webidl-conversions@3.0.1: {}

  whatwg-url@5.0.0:
    dependencies:
      tr46: 0.0.3
      webidl-conversions: 3.0.1

  wrap-ansi@7.0.0:
    dependencies:
      ansi-styles: 4.3.0
      string-width: 4.2.3
      strip-ansi: 6.0.1

  ws@8.21.3: {}

  y18n@5.0.8: {}

  yaml@1.10.3: {}

  yargs-parser@21.1.1: {}

  yargs@17.7.3:
    dependencies:
      cliui: 8.0.1
      escalade: 3.2.0
      get-caller-file: 2.0.5
      require-directory: 2.1.1
      string-width: 4.2.3
      y18n: 5.0.8
      yargs-parser: 21.1.1
